
Microsoft Visual Studio Solution File, Format Version 12.00
# Visual Studio Version 16
VisualStudioVersion = 16.0.32630.194
MinimumVisualStudioVersion = 10.0.40219.1
Project("{FAE04EC0-301F-11D3-BF4B-00C04F79EFBC}") = "BankingSystem.Application", "BankingSystem\BankingSystem.Application.csproj", "{839DB33D-1889-4170-9A85-C68998FD53A3}"
EndProject
Project("{FAE04EC0-301F-11D3-BF4B-00C04F79EFBC}") = "BankingSystem.Business", "BankingSystem.Business\BankingSystem.Business.csproj", "{20A19433-A96D-4478-9059-DE9C94F4FE6A}"
EndProject
Project("{FAE04EC0-301F-11D3-BF4B-00C04F79EFBC}") = "BankingSystem.Data", "BankingSystem.Data\BankingSystem.Data.csproj", "{F268D6A3-78BB-488E-B37E-05C62086CF18}"
EndProject
Project("{FAE04EC0-301F-11D3-BF4B-00C04F79EFBC}") = "BankingSystem.Domain", "BankingSystem.Domain\BankingSystem.Domain.csproj", "{30BF2E57-3957-406C-A446-B6BC2CF208BC}"
EndProject
Project("{FAE04EC0-301F-11D3-BF4B-00C04F79EFBC}") = "BankingSystem.XUnitTest", "BankingSystem.XUnitTest\BankingSystem.XUnitTest.csproj", "{485B9990-CE97-4F8E-AA61-76A6E0B525E0}"
EndProject
Global
	GlobalSection(SolutionConfigurationPlatforms) = preSolution
		Debug|Any CPU = Debug|Any CPU
		Release|Any CPU = Release|Any CPU
	EndGlobalSection
	GlobalSection(ProjectConfigurationPlatforms) = postSolution
		{839DB33D-1889-4170-9A85-C68998FD53A3}.Debug|Any CPU.ActiveCfg = Debug|Any CPU
		{839DB33D-1889-4170-9A85-C68998FD53A3}.Debug|Any CPU.Build.0 = Debug|Any CPU
		{839DB33D-1889-4170-9A85-C68998FD53A3}.Release|Any CPU.ActiveCfg = Release|Any CPU
		{839DB33D-1889-4170-9A85-C68998FD53A3}.Release|Any CPU.Build.0 = Release|Any CPU
		{20A19433-A96D-4478-9059-DE9C94F4FE6A}.Debug|Any CPU.ActiveCfg = Debug|Any CPU
		{20A19433-A96D-4478-9059-DE9C94F4FE6A}.Debug|Any CPU.Build.0 = Debug|Any CPU
		{20A19433-A96D-4478-9059-DE9C94F4FE6A}.Release|Any CPU.ActiveCfg = Release|Any CPU
		{20A19433-A96D-4478-9059-DE9C94F4FE6A}.Release|Any CPU.Build.0 = Release|Any CPU
		{F268D6A3-78BB-488E-B37E-05C62086CF18}.Debug|Any CPU.ActiveCfg = Debug|Any CPU
		{F268D6A3-78BB-488E-B37E-05C62086CF18}.Debug|Any CPU.Build.0 = Debug|Any CPU
		{F268D6A3-78BB-488E-B37E-05C62086CF18}.Release|Any CPU.ActiveCfg = Release|Any CPU
		{F268D6A3-78BB-488E-B37E-05C62086CF18}.Release|Any CPU.Build.0 = Release|Any CPU
		{30BF2E57-3957-406C-A446-B6BC2CF208BC}.Debug|Any CPU.ActiveCfg = Debug|Any CPU
		{30BF2E57-3957-406C-A446-B6BC2CF208BC}.Debug|Any CPU.Build.0 = Debug|Any CPU
		{30BF2E57-3957-406C-A446-B6BC2CF208BC}.Release|Any CPU.ActiveCfg = Release|Any CPU
		{30BF2E57-3957-406C-A446-B6BC2CF208BC}.Release|Any CPU.Build.0 = Release|Any CPU
		{485B9990-CE97-4F8E-AA61-76A6E0B525E0}.Debug|Any CPU.ActiveCfg = Debug|Any CPU
		{485B9990-CE97-4F8E-AA61-76A6E0B525E0}.Debug|Any CPU.Build.0 = Debug|Any CPU
		{485B9990-CE97-4F8E-AA61-76A6E0B525E0}.Release|Any CPU.ActiveCfg = Release|Any CPU
		{485B9990-CE97-4F8E-AA61-76A6E0B525E0}.Release|Any CPU.Build.0 = Release|Any CPU
	EndGlobalSection
	GlobalSection(SolutionProperties) = preSolution
		HideSolutionNode = FALSE
	EndGlobalSection
	GlobalSection(ExtensibilityGlobals) = postSolution
		SolutionGuid = {581D9B55-A84C-4776-BB01-B6D0171916F0}
	EndGlobalSection
EndGlobal
